// !$*UTF8*$!
{
	archiveVersion = 1;
	classes = {
	};
	objectVersion = 55;
	objects = {

/* Begin PBXBuildFile section */
		DF07B31B2826933700C164AB /* mealsApp.swift in Sources */ = {isa = PBXBuildFile; fileRef = DF07B31A2826933700C164AB /* mealsApp.swift */; };
		DF07B31D2826933700C164AB /* ContentView.swift in Sources */ = {isa = PBXBuildFile; fileRef = DF07B31C2826933700C164AB /* ContentView.swift */; };
		DF07B31F2826933800C164AB /* Assets.xcassets in Resources */ = {isa = PBXBuildFile; fileRef = DF07B31E2826933800C164AB /* Assets.xcassets */; };
		DF07B3222826933800C164AB /* Preview Assets.xcassets in Resources */ = {isa = PBXBuildFile; fileRef = DF07B3212826933800C164AB /* Preview Assets.xcassets */; };
		DF07B32C2826939F00C164AB /* MealList.swift in Sources */ = {isa = PBXBuildFile; fileRef = DF07B32B2826939F00C164AB /* MealList.swift */; };
		DF07B3342826944600C164AB /* Meal.swift in Sources */ = {isa = PBXBuildFile; fileRef = DF07B3332826944600C164AB /* Meal.swift */; };
		DF07B337282694FE00C164AB /* MealsStore.swift in Sources */ = {isa = PBXBuildFile; fileRef = DF07B336282694FE00C164AB /* MealsStore.swift */; };
		DF07B33928269A2A00C164AB /* MealEditor.swift in Sources */ = {isa = PBXBuildFile; fileRef = DF07B33828269A2A00C164AB /* MealEditor.swift */; };
		DF114AF2283223EC0089BF0B /* HealthKit.framework in Frameworks */ = {isa = PBXBuildFile; fileRef = DF114AF1283223EC0089BF0B /* HealthKit.framework */; };
		DF282F712838B8380044C1EF /* MealCard.swift in Sources */ = {isa = PBXBuildFile; fileRef = DF282F702838B8380044C1EF /* MealCard.swift */; };
		DF282F732838BC700044C1EF /* PhotoStore.swift in Sources */ = {isa = PBXBuildFile; fileRef = DF282F722838BC700044C1EF /* PhotoStore.swift */; };
		DF282F762838C27F0044C1EF /* CornerRadiusModifier.swift in Sources */ = {isa = PBXBuildFile; fileRef = DF282F752838C27F0044C1EF /* CornerRadiusModifier.swift */; };
		DF37D5E928354573007BEFE3 /* HealthKit.swift in Sources */ = {isa = PBXBuildFile; fileRef = DF37D5E828354573007BEFE3 /* HealthKit.swift */; };
		DF3D07C3282FFB8D003E36BD /* MealDetails.swift in Sources */ = {isa = PBXBuildFile; fileRef = DF3D07C2282FFB8D003E36BD /* MealDetails.swift */; };
		DF937573283012DA00CBE618 /* Event.swift in Sources */ = {isa = PBXBuildFile; fileRef = DF937572283012DA00CBE618 /* Event.swift */; };
		DF937575283012E100CBE618 /* Metric.swift in Sources */ = {isa = PBXBuildFile; fileRef = DF937574283012E100CBE618 /* Metric.swift */; };
		DF9375772830137200CBE618 /* MetricView.swift in Sources */ = {isa = PBXBuildFile; fileRef = DF9375762830137200CBE618 /* MetricView.swift */; };
		DF9375792830156500CBE618 /* MetricGraph.swift in Sources */ = {isa = PBXBuildFile; fileRef = DF9375782830156500CBE618 /* MetricGraph.swift */; };
		DFEBBE342830C8F100369EEB /* EventStore.swift in Sources */ = {isa = PBXBuildFile; fileRef = DFEBBE332830C8F100369EEB /* EventStore.swift */; };
/* End PBXBuildFile section */

/* Begin PBXFileReference section */
		DF07B3172826933700C164AB /* meals.app */ = {isa = PBXFileReference; explicitFileType = wrapper.application; includeInIndex = 0; path = meals.app; sourceTree = BUILT_PRODUCTS_DIR; };
		DF07B31A2826933700C164AB /* mealsApp.swift */ = {isa = PBXFileReference; lastKnownFileType = sourcecode.swift; path = mealsApp.swift; sourceTree = "<group>"; };
		DF07B31C2826933700C164AB /* ContentView.swift */ = {isa = PBXFileReference; lastKnownFileType = sourcecode.swift; path = ContentView.swift; sourceTree = "<group>"; };
		DF07B31E2826933800C164AB /* Assets.xcassets */ = {isa = PBXFileReference; lastKnownFileType = folder.assetcatalog; path = Assets.xcassets; sourceTree = "<group>"; };
		DF07B3212826933800C164AB /* Preview Assets.xcassets */ = {isa = PBXFileReference; lastKnownFileType = folder.assetcatalog; path = "Preview Assets.xcassets"; sourceTree = "<group>"; };
		DF07B32B2826939F00C164AB /* MealList.swift */ = {isa = PBXFileReference; lastKnownFileType = sourcecode.swift; path = MealList.swift; sourceTree = "<group>"; };
		DF07B3332826944600C164AB /* Meal.swift */ = {isa = PBXFileReference; lastKnownFileType = sourcecode.swift; path = Meal.swift; sourceTree = "<group>"; };
		DF07B336282694FE00C164AB /* MealsStore.swift */ = {isa = PBXFileReference; lastKnownFileType = sourcecode.swift; path = MealsStore.swift; sourceTree = "<group>"; };
		DF07B33828269A2A00C164AB /* MealEditor.swift */ = {isa = PBXFileReference; lastKnownFileType = sourcecode.swift; path = MealEditor.swift; sourceTree = "<group>"; };
		DF114AEF283223EC0089BF0B /* meals.entitlements */ = {isa = PBXFileReference; lastKnownFileType = text.plist.entitlements; path = meals.entitlements; sourceTree = "<group>"; };
		DF114AF1283223EC0089BF0B /* HealthKit.framework */ = {isa = PBXFileReference; lastKnownFileType = wrapper.framework; name = HealthKit.framework; path = System/Library/Frameworks/HealthKit.framework; sourceTree = SDKROOT; };
		DF282F702838B8380044C1EF /* MealCard.swift */ = {isa = PBXFileReference; lastKnownFileType = sourcecode.swift; path = MealCard.swift; sourceTree = "<group>"; };
		DF282F722838BC700044C1EF /* PhotoStore.swift */ = {isa = PBXFileReference; lastKnownFileType = sourcecode.swift; path = PhotoStore.swift; sourceTree = "<group>"; };
		DF282F752838C27F0044C1EF /* CornerRadiusModifier.swift */ = {isa = PBXFileReference; lastKnownFileType = sourcecode.swift; path = CornerRadiusModifier.swift; sourceTree = "<group>"; };
		DF37D5E828354573007BEFE3 /* HealthKit.swift */ = {isa = PBXFileReference; lastKnownFileType = sourcecode.swift; path = HealthKit.swift; sourceTree = "<group>"; };
		DF3D07C2282FFB8D003E36BD /* MealDetails.swift */ = {isa = PBXFileReference; lastKnownFileType = sourcecode.swift; path = MealDetails.swift; sourceTree = "<group>"; };
		DF937572283012DA00CBE618 /* Event.swift */ = {isa = PBXFileReference; lastKnownFileType = sourcecode.swift; path = Event.swift; sourceTree = "<group>"; };
		DF937574283012E100CBE618 /* Metric.swift */ = {isa = PBXFileReference; lastKnownFileType = sourcecode.swift; path = Metric.swift; sourceTree = "<group>"; };
		DF9375762830137200CBE618 /* MetricView.swift */ = {isa = PBXFileReference; lastKnownFileType = sourcecode.swift; path = MetricView.swift; sourceTree = "<group>"; };
		DF9375782830156500CBE618 /* MetricGraph.swift */ = {isa = PBXFileReference; lastKnownFileType = sourcecode.swift; path = MetricGraph.swift; sourceTree = "<group>"; };
		DFEBBE332830C8F100369EEB /* EventStore.swift */ = {isa = PBXFileReference; lastKnownFileType = sourcecode.swift; path = EventStore.swift; sourceTree = "<group>"; };
/* End PBXFileReference section */

/* Begin PBXFrameworksBuildPhase section */
		DF07B3142826933700C164AB /* Frameworks */ = {
			isa = PBXFrameworksBuildPhase;
			buildActionMask = 2147483647;
			files = (
				DF114AF2283223EC0089BF0B /* HealthKit.framework in Frameworks */,
			);
			runOnlyForDeploymentPostprocessing = 0;
		};
/* End PBXFrameworksBuildPhase section */

/* Begin PBXGroup section */
		DF07B30E2826933700C164AB = {
			isa = PBXGroup;
			children = (
				DF07B3192826933700C164AB /* meals */,
				DF07B3182826933700C164AB /* Products */,
				DF114AF0283223EC0089BF0B /* Frameworks */,
			);
			sourceTree = "<group>";
		};
		DF07B3182826933700C164AB /* Products */ = {
			isa = PBXGroup;
			children = (
				DF07B3172826933700C164AB /* meals.app */,
			);
			name = Products;
			sourceTree = "<group>";
		};
		DF07B3192826933700C164AB /* meals */ = {
			isa = PBXGroup;
			children = (
				DF114AEF283223EC0089BF0B /* meals.entitlements */,
				DF07B335282694F100C164AB /* Storage */,
				DF07B3322826943B00C164AB /* Models */,
				DF07B3312826942C00C164AB /* Views */,
				DF07B31A2826933700C164AB /* mealsApp.swift */,
				DF07B31C2826933700C164AB /* ContentView.swift */,
				DF07B31E2826933800C164AB /* Assets.xcassets */,
				DF07B3202826933800C164AB /* Preview Content */,
				DF37D5E828354573007BEFE3 /* HealthKit.swift */,
			);
			path = meals;
			sourceTree = "<group>";
		};
		DF07B3202826933800C164AB /* Preview Content */ = {
			isa = PBXGroup;
			children = (
				DF07B3212826933800C164AB /* Preview Assets.xcassets */,
			);
			path = "Preview Content";
			sourceTree = "<group>";
		};
		DF07B3312826942C00C164AB /* Views */ = {
			isa = PBXGroup;
			children = (
				DF282F742838C26D0044C1EF /* Helpers */,
				DF114AED283223610089BF0B /* Meals */,
				DF114AEE283223750089BF0B /* Metrics */,
			);
			path = Views;
			sourceTree = "<group>";
		};
		DF07B3322826943B00C164AB /* Models */ = {
			isa = PBXGroup;
			children = (
				DF07B3332826944600C164AB /* Meal.swift */,
				DF937572283012DA00CBE618 /* Event.swift */,
				DF937574283012E100CBE618 /* Metric.swift */,
			);
			path = Models;
			sourceTree = "<group>";
		};
		DF07B335282694F100C164AB /* Storage */ = {
			isa = PBXGroup;
			children = (
				DF07B336282694FE00C164AB /* MealsStore.swift */,
				DFEBBE332830C8F100369EEB /* EventStore.swift */,
				DF282F722838BC700044C1EF /* PhotoStore.swift */,
			);
			path = Storage;
			sourceTree = "<group>";
		};
		DF114AED283223610089BF0B /* Meals */ = {
			isa = PBXGroup;
			children = (
				DF07B32B2826939F00C164AB /* MealList.swift */,
				DF07B33828269A2A00C164AB /* MealEditor.swift */,
				DF3D07C2282FFB8D003E36BD /* MealDetails.swift */,
				DF282F702838B8380044C1EF /* MealCard.swift */,
			);
			path = Meals;
			sourceTree = "<group>";
		};
		DF114AEE283223750089BF0B /* Metrics */ = {
			isa = PBXGroup;
			children = (
				DF9375762830137200CBE618 /* MetricView.swift */,
				DF9375782830156500CBE618 /* MetricGraph.swift */,
			);
			path = Metrics;
			sourceTree = "<group>";
		};
		DF114AF0283223EC0089BF0B /* Frameworks */ = {
			isa = PBXGroup;
			children = (
				DF114AF1283223EC0089BF0B /* HealthKit.framework */,
			);
			name = Frameworks;
			sourceTree = "<group>";
		};
		DF282F742838C26D0044C1EF /* Helpers */ = {
			isa = PBXGroup;
			children = (
				DF282F752838C27F0044C1EF /* CornerRadiusModifier.swift */,
			);
			path = Helpers;
			sourceTree = "<group>";
		};
/* End PBXGroup section */

/* Begin PBXNativeTarget section */
		DF07B3162826933700C164AB /* meals */ = {
			isa = PBXNativeTarget;
			buildConfigurationList = DF07B3252826933800C164AB /* Build configuration list for PBXNativeTarget "meals" */;
			buildPhases = (
				DF07B3132826933700C164AB /* Sources */,
				DF07B3142826933700C164AB /* Frameworks */,
				DF07B3152826933700C164AB /* Resources */,
			);
			buildRules = (
			);
			dependencies = (
			);
			name = meals;
			packageProductDependencies = (
			);
			productName = meals;
			productReference = DF07B3172826933700C164AB /* meals.app */;
			productType = "com.apple.product-type.application";
		};
/* End PBXNativeTarget section */

/* Begin PBXProject section */
		DF07B30F2826933700C164AB /* Project object */ = {
			isa = PBXProject;
			attributes = {
				BuildIndependentTargetsInParallel = 1;
				LastSwiftUpdateCheck = 1330;
				LastUpgradeCheck = 1330;
				TargetAttributes = {
					DF07B3162826933700C164AB = {
						CreatedOnToolsVersion = 13.3;
					};
				};
			};
			buildConfigurationList = DF07B3122826933700C164AB /* Build configuration list for PBXProject "meals" */;
			compatibilityVersion = "Xcode 13.0";
			developmentRegion = en;
			hasScannedForEncodings = 0;
			knownRegions = (
				en,
				Base,
			);
			mainGroup = DF07B30E2826933700C164AB;
			packageReferences = (
			);
			productRefGroup = DF07B3182826933700C164AB /* Products */;
			projectDirPath = "";
			projectRoot = "";
			targets = (
				DF07B3162826933700C164AB /* meals */,
			);
		};
/* End PBXProject section */

/* Begin PBXResourcesBuildPhase section */
		DF07B3152826933700C164AB /* Resources */ = {
			isa = PBXResourcesBuildPhase;
			buildActionMask = 2147483647;
			files = (
				DF07B3222826933800C164AB /* Preview Assets.xcassets in Resources */,
				DF07B31F2826933800C164AB /* Assets.xcassets in Resources */,
			);
			runOnlyForDeploymentPostprocessing = 0;
		};
/* End PBXResourcesBuildPhase section */

/* Begin PBXSourcesBuildPhase section */
		DF07B3132826933700C164AB /* Sources */ = {
			isa = PBXSourcesBuildPhase;
			buildActionMask = 2147483647;
			files = (
				DF937573283012DA00CBE618 /* Event.swift in Sources */,
				DF07B3342826944600C164AB /* Meal.swift in Sources */,
				DF282F712838B8380044C1EF /* MealCard.swift in Sources */,
				DF37D5E928354573007BEFE3 /* HealthKit.swift in Sources */,
				DF07B33928269A2A00C164AB /* MealEditor.swift in Sources */,
				DF282F762838C27F0044C1EF /* CornerRadiusModifier.swift in Sources */,
				DF07B32C2826939F00C164AB /* MealList.swift in Sources */,
				DF9375772830137200CBE618 /* MetricView.swift in Sources */,
				DF3D07C3282FFB8D003E36BD /* MealDetails.swift in Sources */,
				DFEBBE342830C8F100369EEB /* EventStore.swift in Sources */,
				DF07B31D2826933700C164AB /* ContentView.swift in Sources */,
				DF282F732838BC700044C1EF /* PhotoStore.swift in Sources */,
				DF9375792830156500CBE618 /* MetricGraph.swift in Sources */,
				DF937575283012E100CBE618 /* Metric.swift in Sources */,
				DF07B31B2826933700C164AB /* mealsApp.swift in Sources */,
				DF07B337282694FE00C164AB /* MealsStore.swift in Sources */,
			);
			runOnlyForDeploymentPostprocessing = 0;
		};
/* End PBXSourcesBuildPhase section */

/* Begin XCBuildConfiguration section */
		DF07B3232826933800C164AB /* Debug */ = {
			isa = XCBuildConfiguration;
			buildSettings = {
				ALWAYS_SEARCH_USER_PATHS = NO;
				CLANG_ANALYZER_NONNULL = YES;
				CLANG_ANALYZER_NUMBER_OBJECT_CONVERSION = YES_AGGRESSIVE;
				CLANG_CXX_LANGUAGE_STANDARD = "gnu++17";
				CLANG_ENABLE_MODULES = YES;
				CLANG_ENABLE_OBJC_ARC = YES;
				CLANG_ENABLE_OBJC_WEAK = YES;
				CLANG_WARN_BLOCK_CAPTURE_AUTORELEASING = YES;
				CLANG_WARN_BOOL_CONVERSION = YES;
				CLANG_WARN_COMMA = YES;
				CLANG_WARN_CONSTANT_CONVERSION = YES;
				CLANG_WARN_DEPRECATED_OBJC_IMPLEMENTATIONS = YES;
				CLANG_WARN_DIRECT_OBJC_ISA_USAGE = YES_ERROR;
				CLANG_WARN_DOCUMENTATION_COMMENTS = YES;
				CLANG_WARN_EMPTY_BODY = YES;
				CLANG_WARN_ENUM_CONVERSION = YES;
				CLANG_WARN_INFINITE_RECURSION = YES;
				CLANG_WARN_INT_CONVERSION = YES;
				CLANG_WARN_NON_LITERAL_NULL_CONVERSION = YES;
				CLANG_WARN_OBJC_IMPLICIT_RETAIN_SELF = YES;
				CLANG_WARN_OBJC_LITERAL_CONVERSION = YES;
				CLANG_WARN_OBJC_ROOT_CLASS = YES_ERROR;
				CLANG_WARN_QUOTED_INCLUDE_IN_FRAMEWORK_HEADER = YES;
				CLANG_WARN_RANGE_LOOP_ANALYSIS = YES;
				CLANG_WARN_STRICT_PROTOTYPES = YES;
				CLANG_WARN_SUSPICIOUS_MOVE = YES;
				CLANG_WARN_UNGUARDED_AVAILABILITY = YES_AGGRESSIVE;
				CLANG_WARN_UNREACHABLE_CODE = YES;
				CLANG_WARN__DUPLICATE_METHOD_MATCH = YES;
				COPY_PHASE_STRIP = NO;
				DEBUG_INFORMATION_FORMAT = dwarf;
				ENABLE_STRICT_OBJC_MSGSEND = YES;
				ENABLE_TESTABILITY = YES;
				GCC_C_LANGUAGE_STANDARD = gnu11;
				GCC_DYNAMIC_NO_PIC = NO;
				GCC_NO_COMMON_BLOCKS = YES;
				GCC_OPTIMIZATION_LEVEL = 0;
				GCC_PREPROCESSOR_DEFINITIONS = (
					"DEBUG=1",
					"$(inherited)",
				);
				GCC_WARN_64_TO_32_BIT_CONVERSION = YES;
				GCC_WARN_ABOUT_RETURN_TYPE = YES_ERROR;
				GCC_WARN_UNDECLARED_SELECTOR = YES;
				GCC_WARN_UNINITIALIZED_AUTOS = YES_AGGRESSIVE;
				GCC_WARN_UNUSED_FUNCTION = YES;
				GCC_WARN_UNUSED_VARIABLE = YES;
				IPHONEOS_DEPLOYMENT_TARGET = 15.4;
				MTL_ENABLE_DEBUG_INFO = INCLUDE_SOURCE;
				MTL_FAST_MATH = YES;
				ONLY_ACTIVE_ARCH = YES;
				SDKROOT = iphoneos;
				SWIFT_ACTIVE_COMPILATION_CONDITIONS = DEBUG;
				SWIFT_OPTIMIZATION_LEVEL = "-Onone";
			};
			name = Debug;
		};
		DF07B3242826933800C164AB /* Release */ = {
			isa = XCBuildConfiguration;
			buildSettings = {
				ALWAYS_SEARCH_USER_PATHS = NO;
				CLANG_ANALYZER_NONNULL = YES;
				CLANG_ANALYZER_NUMBER_OBJECT_CONVERSION = YES_AGGRESSIVE;
				CLANG_CXX_LANGUAGE_STANDARD = "gnu++17";
				CLANG_ENABLE_MODULES = YES;
				CLANG_ENABLE_OBJC_ARC = YES;
				CLANG_ENABLE_OBJC_WEAK = YES;
				CLANG_WARN_BLOCK_CAPTURE_AUTORELEASING = YES;
				CLANG_WARN_BOOL_CONVERSION = YES;
				CLANG_WARN_COMMA = YES;
				CLANG_WARN_CONSTANT_CONVERSION = YES;
				CLANG_WARN_DEPRECATED_OBJC_IMPLEMENTATIONS = YES;
				CLANG_WARN_DIRECT_OBJC_ISA_USAGE = YES_ERROR;
				CLANG_WARN_DOCUMENTATION_COMMENTS = YES;
				CLANG_WARN_EMPTY_BODY = YES;
				CLANG_WARN_ENUM_CONVERSION = YES;
				CLANG_WARN_INFINITE_RECURSION = YES;
				CLANG_WARN_INT_CONVERSION = YES;
				CLANG_WARN_NON_LITERAL_NULL_CONVERSION = YES;
				CLANG_WARN_OBJC_IMPLICIT_RETAIN_SELF = YES;
				CLANG_WARN_OBJC_LITERAL_CONVERSION = YES;
				CLANG_WARN_OBJC_ROOT_CLASS = YES_ERROR;
				CLANG_WARN_QUOTED_INCLUDE_IN_FRAMEWORK_HEADER = YES;
				CLANG_WARN_RANGE_LOOP_ANALYSIS = YES;
				CLANG_WARN_STRICT_PROTOTYPES = YES;
				CLANG_WARN_SUSPICIOUS_MOVE = YES;
				CLANG_WARN_UNGUARDED_AVAILABILITY = YES_AGGRESSIVE;
				CLANG_WARN_UNREACHABLE_CODE = YES;
				CLANG_WARN__DUPLICATE_METHOD_MATCH = YES;
				COPY_PHASE_STRIP = NO;
				DEBUG_INFORMATION_FORMAT = "dwarf-with-dsym";
				ENABLE_NS_ASSERTIONS = NO;
				ENABLE_STRICT_OBJC_MSGSEND = YES;
				GCC_C_LANGUAGE_STANDARD = gnu11;
				GCC_NO_COMMON_BLOCKS = YES;
				GCC_WARN_64_TO_32_BIT_CONVERSION = YES;
				GCC_WARN_ABOUT_RETURN_TYPE = YES_ERROR;
				GCC_WARN_UNDECLARED_SELECTOR = YES;
				GCC_WARN_UNINITIALIZED_AUTOS = YES_AGGRESSIVE;
				GCC_WARN_UNUSED_FUNCTION = YES;
				GCC_WARN_UNUSED_VARIABLE = YES;
				IPHONEOS_DEPLOYMENT_TARGET = 15.4;
				MTL_ENABLE_DEBUG_INFO = NO;
				MTL_FAST_MATH = YES;
				SDKROOT = iphoneos;
				SWIFT_COMPILATION_MODE = wholemodule;
				SWIFT_OPTIMIZATION_LEVEL = "-O";
				VALIDATE_PRODUCT = YES;
			};
			name = Release;
		};
		DF07B3262826933800C164AB /* Debug */ = {
			isa = XCBuildConfiguration;
			buildSettings = {
				ASSETCATALOG_COMPILER_APPICON_NAME = AppIcon;
				ASSETCATALOG_COMPILER_GLOBAL_ACCENT_COLOR_NAME = AccentColor;
				CODE_SIGN_ENTITLEMENTS = meals/meals.entitlements;
				CODE_SIGN_STYLE = Automatic;
				CURRENT_PROJECT_VERSION = 1;
				DEVELOPMENT_ASSET_PATHS = "\"meals/Preview Content\"";
				DEVELOPMENT_TEAM = Z2464VPQLZ;
				ENABLE_PREVIEWS = YES;
				GENERATE_INFOPLIST_FILE = YES;
				INFOPLIST_KEY_NSHealthClinicalHealthRecordsShareUsageDescription = "The app needs to get glucose data";
				INFOPLIST_KEY_NSHealthShareUsageDescription = "The app needs to get glucose data";
				INFOPLIST_KEY_UIApplicationSceneManifest_Generation = YES;
				INFOPLIST_KEY_UIApplicationSupportsIndirectInputEvents = YES;
				INFOPLIST_KEY_UILaunchScreen_Generation = YES;
				INFOPLIST_KEY_UISupportedInterfaceOrientations_iPad = "UIInterfaceOrientationPortrait UIInterfaceOrientationPortraitUpsideDown UIInterfaceOrientationLandscapeLeft UIInterfaceOrientationLandscapeRight";
				INFOPLIST_KEY_UISupportedInterfaceOrientations_iPhone = "UIInterfaceOrientationPortrait UIInterfaceOrientationLandscapeLeft UIInterfaceOrientationLandscapeRight";
				LD_RUNPATH_SEARCH_PATHS = (
					"$(inherited)",
					"@executable_path/Frameworks",
				);
				MARKETING_VERSION = 1.0;
				PRODUCT_BUNDLE_IDENTIFIER = dev.airmed.meals;
				PRODUCT_NAME = "$(TARGET_NAME)";
				SWIFT_EMIT_LOC_STRINGS = YES;
				SWIFT_VERSION = 5.0;
				TARGETED_DEVICE_FAMILY = "1,2";
			};
			name = Debug;
		};
		DF07B3272826933800C164AB /* Release */ = {
			isa = XCBuildConfiguration;
			buildSettings = {
				ASSETCATALOG_COMPILER_APPICON_NAME = AppIcon;
				ASSETCATALOG_COMPILER_GLOBAL_ACCENT_COLOR_NAME = AccentColor;
				CODE_SIGN_ENTITLEMENTS = meals/meals.entitlements;
				CODE_SIGN_STYLE = Automatic;
				CURRENT_PROJECT_VERSION = 1;
				DEVELOPMENT_ASSET_PATHS = "\"meals/Preview Content\"";
				DEVELOPMENT_TEAM = Z2464VPQLZ;
				ENABLE_PREVIEWS = YES;
				GENERATE_INFOPLIST_FILE = YES;
				INFOPLIST_KEY_NSHealthClinicalHealthRecordsShareUsageDescription = "The app needs to get glucose data";
				INFOPLIST_KEY_NSHealthShareUsageDescription = "The app needs to get glucose data";
				INFOPLIST_KEY_UIApplicationSceneManifest_Generation = YES;
				INFOPLIST_KEY_UIApplicationSupportsIndirectInputEvents = YES;
				INFOPLIST_KEY_UILaunchScreen_Generation = YES;
				INFOPLIST_KEY_UISupportedInterfaceOrientations_iPad = "UIInterfaceOrientationPortrait UIInterfaceOrientationPortraitUpsideDown UIInterfaceOrientationLandscapeLeft UIInterfaceOrientationLandscapeRight";
				INFOPLIST_KEY_UISupportedInterfaceOrientations_iPhone = "UIInterfaceOrientationPortrait UIInterfaceOrientationLandscapeLeft UIInterfaceOrientationLandscapeRight";
				LD_RUNPATH_SEARCH_PATHS = (
					"$(inherited)",
					"@executable_path/Frameworks",
				);
				MARKETING_VERSION = 1.0;
				PRODUCT_BUNDLE_IDENTIFIER = dev.airmed.meals;
				PRODUCT_NAME = "$(TARGET_NAME)";
				SWIFT_EMIT_LOC_STRINGS = YES;
				SWIFT_VERSION = 5.0;
				TARGETED_DEVICE_FAMILY = "1,2";
			};
			name = Release;
		};
/* End XCBuildConfiguration section */

/* Begin XCConfigurationList section */
		DF07B3122826933700C164AB /* Build configuration list for PBXProject "meals" */ = {
			isa = XCConfigurationList;
			buildConfigurations = (
				DF07B3232826933800C164AB /* Debug */,
				DF07B3242826933800C164AB /* Release */,
			);
			defaultConfigurationIsVisible = 0;
			defaultConfigurationName = Release;
		};
		DF07B3252826933800C164AB /* Build configuration list for PBXNativeTarget "meals" */ = {
			isa = XCConfigurationList;
			buildConfigurations = (
				DF07B3262826933800C164AB /* Debug */,
				DF07B3272826933800C164AB /* Release */,
			);
			defaultConfigurationIsVisible = 0;
			defaultConfigurationName = Release;
		};
/* End XCConfigurationList section */
	};
	rootObject = DF07B30F2826933700C164AB /* Project object */;
}
